<?xml version="1.0" encoding="utf-8"?>
<Project ToolsVersion="4.0" xmlns="http://schemas.microsoft.com/developer/msbuild/2003">
  <ItemGroup>
    <Filter Include="eventSystem">
      <UniqueIdentifier>{EC900C8B-5846-8580-E13A-7F574DEF7B84}</UniqueIdentifier>
    </Filter>
    <Filter Include="layers">
      <UniqueIdentifier>{3588EB0A-212A-16E1-0AE5-2935F6259D31}</UniqueIdentifier>
    </Filter>
    <Filter Include="layers\imguiLayer">
      <UniqueIdentifier>{FC63BEE2-687A-BC78-B1F1-479A1D478D00}</UniqueIdentifier>
    </Filter>
    <Filter Include="layers\mainLayer">
      <UniqueIdentifier>{C661D63D-B25A-F58F-DB8C-DA14C7E4D49B}</UniqueIdentifier>
    </Filter>
    <Filter Include="layers\mainLayer\vulkan_setup">
      <UniqueIdentifier>{16E2FBAB-82FA-E2D5-4BA7-726FB77E776F}</UniqueIdentifier>
    </Filter>
    <Filter Include="layers\mainLayer\vulkan_setup\DescriptorPool">
      <UniqueIdentifier>{9E138EDB-8A26-8E34-3310-6B211F022B82}</UniqueIdentifier>
    </Filter>
    <Filter Include="layers\mainLayer\vulkan_setup\commands">
      <UniqueIdentifier>{37D25E2A-2324-361A-0C43-732AF8334F03}</UniqueIdentifier>
    </Filter>
    <Filter Include="layers\mainLayer\vulkan_setup\device">
      <UniqueIdentifier>{151FCD81-0106-8F79-AA56-F596961C08E0}</UniqueIdentifier>
    </Filter>
    <Filter Include="layers\mainLayer\vulkan_setup\frameBuffer">
      <UniqueIdentifier>{4A78B8DD-B692-1B7F-FFB4-2B136B0E4386}</UniqueIdentifier>
    </Filter>
    <Filter Include="layers\mainLayer\vulkan_setup\instance">
      <UniqueIdentifier>{DA316D75-C683-4465-AFA2-81759B935D4E}</UniqueIdentifier>
    </Filter>
    <Filter Include="layers\mainLayer\vulkan_setup\model">
      <UniqueIdentifier>{F613F478-62CD-5E23-EB2C-79FD57E51493}</UniqueIdentifier>
    </Filter>
    <Filter Include="layers\mainLayer\vulkan_setup\pipeline">
      <UniqueIdentifier>{1BDF4D62-0731-2552-F04F-6262DC403E3B}</UniqueIdentifier>
    </Filter>
    <Filter Include="layers\mainLayer\vulkan_setup\synchronization">
      <UniqueIdentifier>{77B45192-E324-540B-AC43-CE9318738C0C}</UniqueIdentifier>
    </Filter>
    <Filter Include="layers\mainLayer\vulkan_setup\vulkan_logging">
      <UniqueIdentifier>{DC071721-C81A-177A-7104-F4665DF6B3C7}</UniqueIdentifier>
    </Filter>
    <Filter Include="layers\mainLayer\vulkan_utility">
      <UniqueIdentifier>{398FA256-A572-B196-AE75-DFD21AD877E7}</UniqueIdentifier>
    </Filter>
    <Filter Include="layers\mainLayer\vulkan_utility\queueFamilies">
      <UniqueIdentifier>{17B88C0A-8328-8F83-4C47-090CB876C784}</UniqueIdentifier>
    </Filter>
    <Filter Include="layers\mainLayer\vulkan_utility\shaders">
      <UniqueIdentifier>{3275A239-9E04-6424-A700-453C130F9F30}</UniqueIdentifier>
    </Filter>
    <Filter Include="trazel_engine">
      <UniqueIdentifier>{4CD7E9CA-B897-6501-81D2-AE7EED51AADD}</UniqueIdentifier>
    </Filter>
    <Filter Include="window">
      <UniqueIdentifier>{5DFE1E25-49A0-49FB-325B-5D4F1E9CD04B}</UniqueIdentifier>
    </Filter>
    <Filter Include="window\a-Not_in_use">
      <UniqueIdentifier>{CD2D1E2E-398F-FB3B-C2FC-41EE2E5D32FB}</UniqueIdentifier>
    </Filter>
    <Filter Include="window\a-Not_in_use\windows">
      <UniqueIdentifier>{27EDF6B8-93FA-249F-1CE1-208A88EDF055}</UniqueIdentifier>
    </Filter>
    <Filter Include="window\a-Not_in_use\windows\graphics">
      <UniqueIdentifier>{670DDC36-53F4-9D2E-FC44-044CE80A1795}</UniqueIdentifier>
    </Filter>
    <Filter Include="window\mac_linux">
      <UniqueIdentifier>{6C223E97-581B-5DE9-814D-426E6DA53CF5}</UniqueIdentifier>
    </Filter>
    <Filter Include="window\windows">
      <UniqueIdentifier>{B74DC751-A31B-BB57-8CAF-2B7E781C97BC}</UniqueIdentifier>
    </Filter>
  </ItemGroup>
  <ItemGroup>
    <ClInclude Include="src\eventSystem\keyboard.h">
      <Filter>eventSystem</Filter>
    </ClInclude>
    <ClInclude Include="src\eventSystem\mouse.h">
      <Filter>eventSystem</Filter>
    </ClInclude>
    <ClInclude Include="src\layers\imguiLayer\imguiLayer.h">
      <Filter>layers\imguiLayer</Filter>
    </ClInclude>
    <ClInclude Include="src\layers\layer.h">
      <Filter>layers</Filter>
    </ClInclude>
    <ClInclude Include="src\layers\mainLayer\mainLyaer.h">
      <Filter>layers\mainLayer</Filter>
    </ClInclude>
    <ClInclude Include="src\layers\mainLayer\vulkan_setup\DescriptorPool\DescriptorPool.h">
      <Filter>layers\mainLayer\vulkan_setup\DescriptorPool</Filter>
    </ClInclude>
    <ClInclude Include="src\layers\mainLayer\vulkan_setup\commands\commands.h">
      <Filter>layers\mainLayer\vulkan_setup\commands</Filter>
    </ClInclude>
    <ClInclude Include="src\layers\mainLayer\vulkan_setup\device\device.h">
      <Filter>layers\mainLayer\vulkan_setup\device</Filter>
    </ClInclude>
    <ClInclude Include="src\layers\mainLayer\vulkan_setup\device\swapchain.h">
      <Filter>layers\mainLayer\vulkan_setup\device</Filter>
    </ClInclude>
    <ClInclude Include="src\layers\mainLayer\vulkan_setup\frameBuffer\frameBuffer.h">
      <Filter>layers\mainLayer\vulkan_setup\frameBuffer</Filter>
    </ClInclude>
    <ClInclude Include="src\layers\mainLayer\vulkan_setup\instance\instance.h">
      <Filter>layers\mainLayer\vulkan_setup\instance</Filter>
    </ClInclude>
    <ClInclude Include="src\layers\mainLayer\vulkan_setup\model\model.h">
      <Filter>layers\mainLayer\vulkan_setup\model</Filter>
    </ClInclude>
    <ClInclude Include="src\layers\mainLayer\vulkan_setup\pipeline\pipeline.h">
      <Filter>layers\mainLayer\vulkan_setup\pipeline</Filter>
    </ClInclude>
    <ClInclude Include="src\layers\mainLayer\vulkan_setup\synchronization\sync.h">
      <Filter>layers\mainLayer\vulkan_setup\synchronization</Filter>
    </ClInclude>
    <ClInclude Include="src\layers\mainLayer\vulkan_setup\vulkan_logging\vulkan_logging.h">
      <Filter>layers\mainLayer\vulkan_setup\vulkan_logging</Filter>
    </ClInclude>
    <ClInclude Include="src\layers\mainLayer\vulkan_utility\frame.h">
      <Filter>layers\mainLayer\vulkan_utility</Filter>
    </ClInclude>
    <ClInclude Include="src\layers\mainLayer\vulkan_utility\queueFamilies\queueFamilies.h">
      <Filter>layers\mainLayer\vulkan_utility\queueFamilies</Filter>
    </ClInclude>
    <ClInclude Include="src\layers\mainLayer\vulkan_utility\shaders\shaders.h">
      <Filter>layers\mainLayer\vulkan_utility\shaders</Filter>
    </ClInclude>
    <ClInclude Include="src\pch.h" />
    <ClInclude Include="src\trazel_engine.h" />
    <ClInclude Include="src\trazel_engine\app.h">
      <Filter>trazel_engine</Filter>
    </ClInclude>
    <ClInclude Include="src\trazel_engine\core.h">
      <Filter>trazel_engine</Filter>
    </ClInclude>
    <ClInclude Include="src\trazel_engine\entryPoint.h">
      <Filter>trazel_engine</Filter>
    </ClInclude>
    <ClInclude Include="src\trazel_engine\log.h">
      <Filter>trazel_engine</Filter>
    </ClInclude>
    <ClInclude Include="src\window\a-Not_in_use\windows\WindowsWindow.h">
      <Filter>window\a-Not_in_use\windows</Filter>
    </ClInclude>
    <ClInclude Include="src\window\a-Not_in_use\windows\graphics\graphics.h">
      <Filter>window\a-Not_in_use\windows\graphics</Filter>
    </ClInclude>
    <ClInclude Include="src\window\mac_linux\mac_linux.h">
      <Filter>window\mac_linux</Filter>
    </ClInclude>
    <ClInclude Include="src\window\windows\windowsWindow.h">
      <Filter>window\windows</Filter>
    </ClInclude>
  </ItemGroup>
  <ItemGroup>
    <ClCompile Include="src\eventSystem\keyboard.cpp">
      <Filter>eventSystem</Filter>
    </ClCompile>
    <ClCompile Include="src\eventSystem\mouse.cpp">
      <Filter>eventSystem</Filter>
    </ClCompile>
    <ClCompile Include="src\layers\imguiLayer\imguiLayer.cpp">
      <Filter>layers\imguiLayer</Filter>
    </ClCompile>
    <ClCompile Include="src\layers\mainLayer\mainLyaer.cpp">
      <Filter>layers\mainLayer</Filter>
    </ClCompile>
    <ClCompile Include="src\layers\mainLayer\vulkan_setup\DescriptorPool\DescriptorPool.cpp">
      <Filter>layers\mainLayer\vulkan_setup\DescriptorPool</Filter>
    </ClCompile>
    <ClCompile Include="src\layers\mainLayer\vulkan_setup\commands\commands.cpp">
      <Filter>layers\mainLayer\vulkan_setup\commands</Filter>
    </ClCompile>
    <ClCompile Include="src\layers\mainLayer\vulkan_setup\device\device.cpp">
      <Filter>layers\mainLayer\vulkan_setup\device</Filter>
    </ClCompile>
    <ClCompile Include="src\layers\mainLayer\vulkan_setup\device\swapchain.cpp">
      <Filter>layers\mainLayer\vulkan_setup\device</Filter>
    </ClCompile>
    <ClCompile Include="src\layers\mainLayer\vulkan_setup\frameBuffer\frameBuffer.cpp">
      <Filter>layers\mainLayer\vulkan_setup\frameBuffer</Filter>
    </ClCompile>
    <ClCompile Include="src\layers\mainLayer\vulkan_setup\instance\instance.cpp">
      <Filter>layers\mainLayer\vulkan_setup\instance</Filter>
    </ClCompile>
    <ClCompile Include="src\layers\mainLayer\vulkan_setup\model\model.cpp">
      <Filter>layers\mainLayer\vulkan_setup\model</Filter>
    </ClCompile>
    <ClCompile Include="src\layers\mainLayer\vulkan_setup\pipeline\pipeline.cpp">
      <Filter>layers\mainLayer\vulkan_setup\pipeline</Filter>
    </ClCompile>
    <ClCompile Include="src\layers\mainLayer\vulkan_setup\synchronization\sync.cpp">
      <Filter>layers\mainLayer\vulkan_setup\synchronization</Filter>
    </ClCompile>
    <ClCompile Include="src\layers\mainLayer\vulkan_setup\vulkan_logging\vulkan_logging.cpp">
      <Filter>layers\mainLayer\vulkan_setup\vulkan_logging</Filter>
    </ClCompile>
    <ClCompile Include="src\layers\mainLayer\vulkan_utility\queueFamilies\queueFamilies.cpp">
      <Filter>layers\mainLayer\vulkan_utility\queueFamilies</Filter>
    </ClCompile>
    <ClCompile Include="src\layers\mainLayer\vulkan_utility\shaders\shaders.cpp">
      <Filter>layers\mainLayer\vulkan_utility\shaders</Filter>
    </ClCompile>
    <ClCompile Include="src\pch.cpp" />
    <ClCompile Include="src\trazel_engine\app.cpp">
      <Filter>trazel_engine</Filter>
    </ClCompile>
    <ClCompile Include="src\trazel_engine\log.cpp">
      <Filter>trazel_engine</Filter>
    </ClCompile>
    <ClCompile Include="src\window\a-Not_in_use\windows\graphics\graphics.cpp">
      <Filter>window\a-Not_in_use\windows\graphics</Filter>
    </ClCompile>
    <ClCompile Include="src\window\a-Not_in_use\windows\windowsWindow.cpp">
      <Filter>window\a-Not_in_use\windows</Filter>
    </ClCompile>
    <ClCompile Include="src\window\mac_linux\mac_linux.cpp">
      <Filter>window\mac_linux</Filter>
    </ClCompile>
    <ClCompile Include="src\window\windows\windowsWindow.cpp">
      <Filter>window\windows</Filter>
    </ClCompile>
  </ItemGroup>
</Project>